
Microsoft Visual Studio Solution File, Format Version 12.00
# Visual Studio Version 17
VisualStudioVersion = 17.8.34309.116
MinimumVisualStudioVersion = 10.0.40219.1
Project("{FAE04EC0-301F-11D3-BF4B-00C04F79EFBC}") = "RealEstate_Dapper_Api", "RealEstate_Dapper_Api\RealEstate_Dapper_Api.csproj", "{014D71BA-D9AC-4FD6-8FCD-E52D54264AB9}"
EndProject
Project("{FAE04EC0-301F-11D3-BF4B-00C04F79EFBC}") = "RealEstate_Dapper_UI", "RealEstate_Dapper_UI\RealEstate_Dapper_UI.csproj", "{22995B04-4556-4834-B230-9552434FD65D}"
EndProject
Global
	GlobalSection(SolutionConfigurationPlatforms) = preSolution
		Debug|Any CPU = Debug|Any CPU
		Release|Any CPU = Release|Any CPU
	EndGlobalSection
	GlobalSection(ProjectConfigurationPlatforms) = postSolution
		{014D71BA-D9AC-4FD6-8FCD-E52D54264AB9}.Debug|Any CPU.ActiveCfg = Debug|Any CPU
		{014D71BA-D9AC-4FD6-8FCD-E52D54264AB9}.Debug|Any CPU.Build.0 = Debug|Any CPU
		{014D71BA-D9AC-4FD6-8FCD-E52D54264AB9}.Release|Any CPU.ActiveCfg = Release|Any CPU
		{014D71BA-D9AC-4FD6-8FCD-E52D54264AB9}.Release|Any CPU.Build.0 = Release|Any CPU
		{22995B04-4556-4834-B230-9552434FD65D}.Debug|Any CPU.ActiveCfg = Debug|Any CPU
		{22995B04-4556-4834-B230-9552434FD65D}.Debug|Any CPU.Build.0 = Debug|Any CPU
		{22995B04-4556-4834-B230-9552434FD65D}.Release|Any CPU.ActiveCfg = Release|Any CPU
		{22995B04-4556-4834-B230-9552434FD65D}.Release|Any CPU.Build.0 = Release|Any CPU
	EndGlobalSection
	GlobalSection(SolutionProperties) = preSolution
		HideSolutionNode = FALSE
	EndGlobalSection
	GlobalSection(ExtensibilityGlobals) = postSolution
		SolutionGuid = {C2A1FFB5-B6FC-4ADE-AFEF-FC6E2FD298CB}
	EndGlobalSection
EndGlobal
